
Microsoft Visual Studio Solution File, Format Version 12.00
# Visual Studio 15
VisualStudioVersion = 15.0.27004.2008
MinimumVisualStudioVersion = 10.0.40219.1
Project("{D954291E-2A0B-460D-934E-DC6B0785DB48}") = "PageControlTest2", "PageControlTest2\PageControlTest2\PageControlTest2.shproj", "{7E2B4672-5104-49A8-8DF8-53B2F72976C7}"
EndProject
Project("{FAE04EC0-301F-11D3-BF4B-00C04F79EFBC}") = "PageControlTest2.Android", "PageControlTest2\PageControlTest2.Android\PageControlTest2.Android.csproj", "{9E9B8845-C287-4F39-ABD0-B7F5AB9A856A}"
EndProject
Project("{FAE04EC0-301F-11D3-BF4B-00C04F79EFBC}") = "PageControlTest2.iOS", "PageControlTest2\PageControlTest2.iOS\PageControlTest2.iOS.csproj", "{9734543A-EEEF-4E8E-A7ED-E8B5633610EF}"
EndProject
Project("{FAE04EC0-301F-11D3-BF4B-00C04F79EFBC}") = "PageControlTest2.UWP", "PageControlTest2\PageControlTest2.UWP\PageControlTest2.UWP.csproj", "{238AE947-B1BC-4841-858E-E3B794EE83B1}"
EndProject
Global
	GlobalSection(SharedMSBuildProjectFiles) = preSolution
		PageControlTest2\PageControlTest2\PageControlTest2.projitems*{7e2b4672-5104-49a8-8df8-53b2f72976c7}*SharedItemsImports = 13
		PageControlTest2\PageControlTest2\PageControlTest2.projitems*{9734543a-eeef-4e8e-a7ed-e8b5633610ef}*SharedItemsImports = 4
		PageControlTest2\PageControlTest2\PageControlTest2.projitems*{9e9b8845-c287-4f39-abd0-b7f5ab9a856a}*SharedItemsImports = 4
	EndGlobalSection
	GlobalSection(SolutionConfigurationPlatforms) = preSolution
		Ad-Hoc|Any CPU = Ad-Hoc|Any CPU
		Ad-Hoc|ARM = Ad-Hoc|ARM
		Ad-Hoc|iPhone = Ad-Hoc|iPhone
		Ad-Hoc|iPhoneSimulator = Ad-Hoc|iPhoneSimulator
		Ad-Hoc|x64 = Ad-Hoc|x64
		Ad-Hoc|x86 = Ad-Hoc|x86
		AppStore|Any CPU = AppStore|Any CPU
		AppStore|ARM = AppStore|ARM
		AppStore|iPhone = AppStore|iPhone
		AppStore|iPhoneSimulator = AppStore|iPhoneSimulator
		AppStore|x64 = AppStore|x64
		AppStore|x86 = AppStore|x86
		Debug|Any CPU = Debug|Any CPU
		Debug|ARM = Debug|ARM
		Debug|iPhone = Debug|iPhone
		Debug|iPhoneSimulator = Debug|iPhoneSimulator
		Debug|x64 = Debug|x64
		Debug|x86 = Debug|x86
		Release|Any CPU = Release|Any CPU
		Release|ARM = Release|ARM
		Release|iPhone = Release|iPhone
		Release|iPhoneSimulator = Release|iPhoneSimulator
		Release|x64 = Release|x64
		Release|x86 = Release|x86
	EndGlobalSection
	GlobalSection(ProjectConfigurationPlatforms) = postSolution
		{9E9B8845-C287-4F39-ABD0-B7F5AB9A856A}.Ad-Hoc|Any CPU.ActiveCfg = Release|Any CPU
		{9E9B8845-C287-4F39-ABD0-B7F5AB9A856A}.Ad-Hoc|Any CPU.Build.0 = Release|Any CPU
		{9E9B8845-C287-4F39-ABD0-B7F5AB9A856A}.Ad-Hoc|Any CPU.Deploy.0 = Release|Any CPU
		{9E9B8845-C287-4F39-ABD0-B7F5AB9A856A}.Ad-Hoc|ARM.ActiveCfg = Release|Any CPU
		{9E9B8845-C287-4F39-ABD0-B7F5AB9A856A}.Ad-Hoc|ARM.Build.0 = Release|Any CPU
		{9E9B8845-C287-4F39-ABD0-B7F5AB9A856A}.Ad-Hoc|ARM.Deploy.0 = Release|Any CPU
		{9E9B8845-C287-4F39-ABD0-B7F5AB9A856A}.Ad-Hoc|iPhone.ActiveCfg = Release|Any CPU
		{9E9B8845-C287-4F39-ABD0-B7F5AB9A856A}.Ad-Hoc|iPhone.Build.0 = Release|Any CPU
		{9E9B8845-C287-4F39-ABD0-B7F5AB9A856A}.Ad-Hoc|iPhone.Deploy.0 = Release|Any CPU
		{9E9B8845-C287-4F39-ABD0-B7F5AB9A856A}.Ad-Hoc|iPhoneSimulator.ActiveCfg = Release|Any CPU
		{9E9B8845-C287-4F39-ABD0-B7F5AB9A856A}.Ad-Hoc|iPhoneSimulator.Build.0 = Release|Any CPU
		{9E9B8845-C287-4F39-ABD0-B7F5AB9A856A}.Ad-Hoc|iPhoneSimulator.Deploy.0 = Release|Any CPU
		{9E9B8845-C287-4F39-ABD0-B7F5AB9A856A}.Ad-Hoc|x64.ActiveCfg = Release|Any CPU
		{9E9B8845-C287-4F39-ABD0-B7F5AB9A856A}.Ad-Hoc|x64.Build.0 = Release|Any CPU
		{9E9B8845-C287-4F39-ABD0-B7F5AB9A856A}.Ad-Hoc|x64.Deploy.0 = Release|Any CPU
		{9E9B8845-C287-4F39-ABD0-B7F5AB9A856A}.Ad-Hoc|x86.ActiveCfg = Release|Any CPU
		{9E9B8845-C287-4F39-ABD0-B7F5AB9A856A}.Ad-Hoc|x86.Build.0 = Release|Any CPU
		{9E9B8845-C287-4F39-ABD0-B7F5AB9A856A}.Ad-Hoc|x86.Deploy.0 = Release|Any CPU
		{9E9B8845-C287-4F39-ABD0-B7F5AB9A856A}.AppStore|Any CPU.ActiveCfg = Release|Any CPU
		{9E9B8845-C287-4F39-ABD0-B7F5AB9A856A}.AppStore|Any CPU.Build.0 = Release|Any CPU
		{9E9B8845-C287-4F39-ABD0-B7F5AB9A856A}.AppStore|Any CPU.Deploy.0 = Release|Any CPU
		{9E9B8845-C287-4F39-ABD0-B7F5AB9A856A}.AppStore|ARM.ActiveCfg = Release|Any CPU
		{9E9B8845-C287-4F39-ABD0-B7F5AB9A856A}.AppStore|ARM.Build.0 = Release|Any CPU
		{9E9B8845-C287-4F39-ABD0-B7F5AB9A856A}.AppStore|ARM.Deploy.0 = Release|Any CPU
		{9E9B8845-C287-4F39-ABD0-B7F5AB9A856A}.AppStore|iPhone.ActiveCfg = Release|Any CPU
		{9E9B8845-C287-4F39-ABD0-B7F5AB9A856A}.AppStore|iPhone.Build.0 = Release|Any CPU
		{9E9B8845-C287-4F39-ABD0-B7F5AB9A856A}.AppStore|iPhone.Deploy.0 = Release|Any CPU
		{9E9B8845-C287-4F39-ABD0-B7F5AB9A856A}.AppStore|iPhoneSimulator.ActiveCfg = Release|Any CPU
		{9E9B8845-C287-4F39-ABD0-B7F5AB9A856A}.AppStore|iPhoneSimulator.Build.0 = Release|Any CPU
		{9E9B8845-C287-4F39-ABD0-B7F5AB9A856A}.AppStore|iPhoneSimulator.Deploy.0 = Release|Any CPU
		{9E9B8845-C287-4F39-ABD0-B7F5AB9A856A}.AppStore|x64.ActiveCfg = Release|Any CPU
		{9E9B8845-C287-4F39-ABD0-B7F5AB9A856A}.AppStore|x64.Build.0 = Release|Any CPU
		{9E9B8845-C287-4F39-ABD0-B7F5AB9A856A}.AppStore|x64.Deploy.0 = Release|Any CPU
		{9E9B8845-C287-4F39-ABD0-B7F5AB9A856A}.AppStore|x86.ActiveCfg = Release|Any CPU
		{9E9B8845-C287-4F39-ABD0-B7F5AB9A856A}.AppStore|x86.Build.0 = Release|Any CPU
		{9E9B8845-C287-4F39-ABD0-B7F5AB9A856A}.AppStore|x86.Deploy.0 = Release|Any CPU
		{9E9B8845-C287-4F39-ABD0-B7F5AB9A856A}.Debug|Any CPU.ActiveCfg = Debug|Any CPU
		{9E9B8845-C287-4F39-ABD0-B7F5AB9A856A}.Debug|Any CPU.Build.0 = Debug|Any CPU
		{9E9B8845-C287-4F39-ABD0-B7F5AB9A856A}.Debug|Any CPU.Deploy.0 = Debug|Any CPU
		{9E9B8845-C287-4F39-ABD0-B7F5AB9A856A}.Debug|ARM.ActiveCfg = Debug|Any CPU
		{9E9B8845-C287-4F39-ABD0-B7F5AB9A856A}.Debug|ARM.Build.0 = Debug|Any CPU
		{9E9B8845-C287-4F39-ABD0-B7F5AB9A856A}.Debug|ARM.Deploy.0 = Debug|Any CPU
		{9E9B8845-C287-4F39-ABD0-B7F5AB9A856A}.Debug|iPhone.ActiveCfg = Debug|Any CPU
		{9E9B8845-C287-4F39-ABD0-B7F5AB9A856A}.Debug|iPhone.Build.0 = Debug|Any CPU
		{9E9B8845-C287-4F39-ABD0-B7F5AB9A856A}.Debug|iPhone.Deploy.0 = Debug|Any CPU
		{9E9B8845-C287-4F39-ABD0-B7F5AB9A856A}.Debug|iPhoneSimulator.ActiveCfg = Debug|Any CPU
		{9E9B8845-C287-4F39-ABD0-B7F5AB9A856A}.Debug|iPhoneSimulator.Build.0 = Debug|Any CPU
		{9E9B8845-C287-4F39-ABD0-B7F5AB9A856A}.Debug|iPhoneSimulator.Deploy.0 = Debug|Any CPU
		{9E9B8845-C287-4F39-ABD0-B7F5AB9A856A}.Debug|x64.ActiveCfg = Debug|Any CPU
		{9E9B8845-C287-4F39-ABD0-B7F5AB9A856A}.Debug|x64.Build.0 = Debug|Any CPU
		{9E9B8845-C287-4F39-ABD0-B7F5AB9A856A}.Debug|x64.Deploy.0 = Debug|Any CPU
		{9E9B8845-C287-4F39-ABD0-B7F5AB9A856A}.Debug|x86.ActiveCfg = Debug|Any CPU
		{9E9B8845-C287-4F39-ABD0-B7F5AB9A856A}.Debug|x86.Build.0 = Debug|Any CPU
		{9E9B8845-C287-4F39-ABD0-B7F5AB9A856A}.Debug|x86.Deploy.0 = Debug|Any CPU
		{9E9B8845-C287-4F39-ABD0-B7F5AB9A856A}.Release|Any CPU.ActiveCfg = Release|Any CPU
		{9E9B8845-C287-4F39-ABD0-B7F5AB9A856A}.Release|Any CPU.Build.0 = Release|Any CPU
		{9E9B8845-C287-4F39-ABD0-B7F5AB9A856A}.Release|Any CPU.Deploy.0 = Release|Any CPU
		{9E9B8845-C287-4F39-ABD0-B7F5AB9A856A}.Release|ARM.ActiveCfg = Release|Any CPU
		{9E9B8845-C287-4F39-ABD0-B7F5AB9A856A}.Release|ARM.Build.0 = Release|Any CPU
		{9E9B8845-C287-4F39-ABD0-B7F5AB9A856A}.Release|ARM.Deploy.0 = Release|Any CPU
		{9E9B8845-C287-4F39-ABD0-B7F5AB9A856A}.Release|iPhone.ActiveCfg = Release|Any CPU
		{9E9B8845-C287-4F39-ABD0-B7F5AB9A856A}.Release|iPhone.Build.0 = Release|Any CPU
		{9E9B8845-C287-4F39-ABD0-B7F5AB9A856A}.Release|iPhone.Deploy.0 = Release|Any CPU
		{9E9B8845-C287-4F39-ABD0-B7F5AB9A856A}.Release|iPhoneSimulator.ActiveCfg = Release|Any CPU
		{9E9B8845-C287-4F39-ABD0-B7F5AB9A856A}.Release|iPhoneSimulator.Build.0 = Release|Any CPU
		{9E9B8845-C287-4F39-ABD0-B7F5AB9A856A}.Release|iPhoneSimulator.Deploy.0 = Release|Any CPU
		{9E9B8845-C287-4F39-ABD0-B7F5AB9A856A}.Release|x64.ActiveCfg = Release|Any CPU
		{9E9B8845-C287-4F39-ABD0-B7F5AB9A856A}.Release|x64.Build.0 = Release|Any CPU
		{9E9B8845-C287-4F39-ABD0-B7F5AB9A856A}.Release|x64.Deploy.0 = Release|Any CPU
		{9E9B8845-C287-4F39-ABD0-B7F5AB9A856A}.Release|x86.ActiveCfg = Release|Any CPU
		{9E9B8845-C287-4F39-ABD0-B7F5AB9A856A}.Release|x86.Build.0 = Release|Any CPU
		{9E9B8845-C287-4F39-ABD0-B7F5AB9A856A}.Release|x86.Deploy.0 = Release|Any CPU
		{9734543A-EEEF-4E8E-A7ED-E8B5633610EF}.Ad-Hoc|Any CPU.ActiveCfg = Ad-Hoc|iPhoneSimulator
		{9734543A-EEEF-4E8E-A7ED-E8B5633610EF}.Ad-Hoc|ARM.ActiveCfg = Ad-Hoc|iPhone
		{9734543A-EEEF-4E8E-A7ED-E8B5633610EF}.Ad-Hoc|iPhone.ActiveCfg = Ad-Hoc|iPhone
		{9734543A-EEEF-4E8E-A7ED-E8B5633610EF}.Ad-Hoc|iPhone.Build.0 = Ad-Hoc|iPhone
		{9734543A-EEEF-4E8E-A7ED-E8B5633610EF}.Ad-Hoc|iPhoneSimulator.ActiveCfg = Ad-Hoc|iPhoneSimulator
		{9734543A-EEEF-4E8E-A7ED-E8B5633610EF}.Ad-Hoc|iPhoneSimulator.Build.0 = Ad-Hoc|iPhoneSimulator
		{9734543A-EEEF-4E8E-A7ED-E8B5633610EF}.Ad-Hoc|x64.ActiveCfg = Ad-Hoc|iPhone
		{9734543A-EEEF-4E8E-A7ED-E8B5633610EF}.Ad-Hoc|x86.ActiveCfg = Ad-Hoc|iPhone
		{9734543A-EEEF-4E8E-A7ED-E8B5633610EF}.AppStore|Any CPU.ActiveCfg = AppStore|iPhoneSimulator
		{9734543A-EEEF-4E8E-A7ED-E8B5633610EF}.AppStore|ARM.ActiveCfg = AppStore|iPhone
		{9734543A-EEEF-4E8E-A7ED-E8B5633610EF}.AppStore|iPhone.ActiveCfg = AppStore|iPhone
		{9734543A-EEEF-4E8E-A7ED-E8B5633610EF}.AppStore|iPhone.Build.0 = AppStore|iPhone
		{9734543A-EEEF-4E8E-A7ED-E8B5633610EF}.AppStore|iPhoneSimulator.ActiveCfg = AppStore|iPhoneSimulator
		{9734543A-EEEF-4E8E-A7ED-E8B5633610EF}.AppStore|iPhoneSimulator.Build.0 = AppStore|iPhoneSimulator
		{9734543A-EEEF-4E8E-A7ED-E8B5633610EF}.AppStore|x64.ActiveCfg = AppStore|iPhone
		{9734543A-EEEF-4E8E-A7ED-E8B5633610EF}.AppStore|x86.ActiveCfg = AppStore|iPhone
		{9734543A-EEEF-4E8E-A7ED-E8B5633610EF}.Debug|Any CPU.ActiveCfg = Debug|iPhoneSimulator
		{9734543A-EEEF-4E8E-A7ED-E8B5633610EF}.Debug|ARM.ActiveCfg = Debug|iPhone
		{9734543A-EEEF-4E8E-A7ED-E8B5633610EF}.Debug|iPhone.ActiveCfg = Debug|iPhone
		{9734543A-EEEF-4E8E-A7ED-E8B5633610EF}.Debug|iPhone.Build.0 = Debug|iPhone
		{9734543A-EEEF-4E8E-A7ED-E8B5633610EF}.Debug|iPhoneSimulator.ActiveCfg = Debug|iPhoneSimulator
		{9734543A-EEEF-4E8E-A7ED-E8B5633610EF}.Debug|iPhoneSimulator.Build.0 = Debug|iPhoneSimulator
		{9734543A-EEEF-4E8E-A7ED-E8B5633610EF}.Debug|x64.ActiveCfg = Debug|iPhone
		{9734543A-EEEF-4E8E-A7ED-E8B5633610EF}.Debug|x86.ActiveCfg = Debug|iPhone
		{9734543A-EEEF-4E8E-A7ED-E8B5633610EF}.Release|Any CPU.ActiveCfg = Release|iPhoneSimulator
		{9734543A-EEEF-4E8E-A7ED-E8B5633610EF}.Release|ARM.ActiveCfg = Release|iPhone
		{9734543A-EEEF-4E8E-A7ED-E8B5633610EF}.Release|iPhone.ActiveCfg = Release|iPhone
		{9734543A-EEEF-4E8E-A7ED-E8B5633610EF}.Release|iPhone.Build.0 = Release|iPhone
		{9734543A-EEEF-4E8E-A7ED-E8B5633610EF}.Release|iPhoneSimulator.ActiveCfg = Release|iPhoneSimulator
		{9734543A-EEEF-4E8E-A7ED-E8B5633610EF}.Release|iPhoneSimulator.Build.0 = Release|iPhoneSimulator
		{9734543A-EEEF-4E8E-A7ED-E8B5633610EF}.Release|x64.ActiveCfg = Release|iPhone
		{9734543A-EEEF-4E8E-A7ED-E8B5633610EF}.Release|x86.ActiveCfg = Release|iPhone
		{238AE947-B1BC-4841-858E-E3B794EE83B1}.Ad-Hoc|Any CPU.ActiveCfg = Release|x86
		{238AE947-B1BC-4841-858E-E3B794EE83B1}.Ad-Hoc|Any CPU.Build.0 = Release|x86
		{238AE947-B1BC-4841-858E-E3B794EE83B1}.Ad-Hoc|Any CPU.Deploy.0 = Release|x86
		{238AE947-B1BC-4841-858E-E3B794EE83B1}.Ad-Hoc|ARM.ActiveCfg = Release|ARM
		{238AE947-B1BC-4841-858E-E3B794EE83B1}.Ad-Hoc|ARM.Build.0 = Release|ARM
		{238AE947-B1BC-4841-858E-E3B794EE83B1}.Ad-Hoc|ARM.Deploy.0 = Release|ARM
		{238AE947-B1BC-4841-858E-E3B794EE83B1}.Ad-Hoc|iPhone.ActiveCfg = Release|x86
		{238AE947-B1BC-4841-858E-E3B794EE83B1}.Ad-Hoc|iPhone.Build.0 = Release|x86
		{238AE947-B1BC-4841-858E-E3B794EE83B1}.Ad-Hoc|iPhone.Deploy.0 = Release|x86
		{238AE947-B1BC-4841-858E-E3B794EE83B1}.Ad-Hoc|iPhoneSimulator.ActiveCfg = Release|x86
		{238AE947-B1BC-4841-858E-E3B794EE83B1}.Ad-Hoc|iPhoneSimulator.Build.0 = Release|x86
		{238AE947-B1BC-4841-858E-E3B794EE83B1}.Ad-Hoc|iPhoneSimulator.Deploy.0 = Release|x86
		{238AE947-B1BC-4841-858E-E3B794EE83B1}.Ad-Hoc|x64.ActiveCfg = Release|x64
		{238AE947-B1BC-4841-858E-E3B794EE83B1}.Ad-Hoc|x64.Build.0 = Release|x64
		{238AE947-B1BC-4841-858E-E3B794EE83B1}.Ad-Hoc|x64.Deploy.0 = Release|x64
		{238AE947-B1BC-4841-858E-E3B794EE83B1}.Ad-Hoc|x86.ActiveCfg = Release|x86
		{238AE947-B1BC-4841-858E-E3B794EE83B1}.Ad-Hoc|x86.Build.0 = Release|x86
		{238AE947-B1BC-4841-858E-E3B794EE83B1}.Ad-Hoc|x86.Deploy.0 = Release|x86
		{238AE947-B1BC-4841-858E-E3B794EE83B1}.AppStore|Any CPU.ActiveCfg = Release|x86
		{238AE947-B1BC-4841-858E-E3B794EE83B1}.AppStore|Any CPU.Build.0 = Release|x86
		{238AE947-B1BC-4841-858E-E3B794EE83B1}.AppStore|Any CPU.Deploy.0 = Release|x86
		{238AE947-B1BC-4841-858E-E3B794EE83B1}.AppStore|ARM.ActiveCfg = Release|ARM
		{238AE947-B1BC-4841-858E-E3B794EE83B1}.AppStore|ARM.Build.0 = Release|ARM
		{238AE947-B1BC-4841-858E-E3B794EE83B1}.AppStore|ARM.Deploy.0 = Release|ARM
		{238AE947-B1BC-4841-858E-E3B794EE83B1}.AppStore|iPhone.ActiveCfg = Release|x86
		{238AE947-B1BC-4841-858E-E3B794EE83B1}.AppStore|iPhone.Build.0 = Release|x86
		{238AE947-B1BC-4841-858E-E3B794EE83B1}.AppStore|iPhone.Deploy.0 = Release|x86
		{238AE947-B1BC-4841-858E-E3B794EE83B1}.AppStore|iPhoneSimulator.ActiveCfg = Release|x86
		{238AE947-B1BC-4841-858E-E3B794EE83B1}.AppStore|iPhoneSimulator.Build.0 = Release|x86
		{238AE947-B1BC-4841-858E-E3B794EE83B1}.AppStore|iPhoneSimulator.Deploy.0 = Release|x86
		{238AE947-B1BC-4841-858E-E3B794EE83B1}.AppStore|x64.ActiveCfg = Release|x64
		{238AE947-B1BC-4841-858E-E3B794EE83B1}.AppStore|x64.Build.0 = Release|x64
		{238AE947-B1BC-4841-858E-E3B794EE83B1}.AppStore|x64.Deploy.0 = Release|x64
		{238AE947-B1BC-4841-858E-E3B794EE83B1}.AppStore|x86.ActiveCfg = Release|x86
		{238AE947-B1BC-4841-858E-E3B794EE83B1}.AppStore|x86.Build.0 = Release|x86
		{238AE947-B1BC-4841-858E-E3B794EE83B1}.AppStore|x86.Deploy.0 = Release|x86
		{238AE947-B1BC-4841-858E-E3B794EE83B1}.Debug|Any CPU.ActiveCfg = Debug|x86
		{238AE947-B1BC-4841-858E-E3B794EE83B1}.Debug|ARM.ActiveCfg = Debug|ARM
		{238AE947-B1BC-4841-858E-E3B794EE83B1}.Debug|ARM.Build.0 = Debug|ARM
		{238AE947-B1BC-4841-858E-E3B794EE83B1}.Debug|ARM.Deploy.0 = Debug|ARM
		{238AE947-B1BC-4841-858E-E3B794EE83B1}.Debug|iPhone.ActiveCfg = Debug|x86
		{238AE947-B1BC-4841-858E-E3B794EE83B1}.Debug|iPhoneSimulator.ActiveCfg = Debug|x86
		{238AE947-B1BC-4841-858E-E3B794EE83B1}.Debug|x64.ActiveCfg = Debug|x64
		{238AE947-B1BC-4841-858E-E3B794EE83B1}.Debug|x64.Build.0 = Debug|x64
		{238AE947-B1BC-4841-858E-E3B794EE83B1}.Debug|x64.Deploy.0 = Debug|x64
		{238AE947-B1BC-4841-858E-E3B794EE83B1}.Debug|x86.ActiveCfg = Debug|x86
		{238AE947-B1BC-4841-858E-E3B794EE83B1}.Debug|x86.Build.0 = Debug|x86
		{238AE947-B1BC-4841-858E-E3B794EE83B1}.Debug|x86.Deploy.0 = Debug|x86
		{238AE947-B1BC-4841-858E-E3B794EE83B1}.Release|Any CPU.ActiveCfg = Release|x86
		{238AE947-B1BC-4841-858E-E3B794EE83B1}.Release|ARM.ActiveCfg = Release|ARM
		{238AE947-B1BC-4841-858E-E3B794EE83B1}.Release|ARM.Build.0 = Release|ARM
		{238AE947-B1BC-4841-858E-E3B794EE83B1}.Release|ARM.Deploy.0 = Release|ARM
		{238AE947-B1BC-4841-858E-E3B794EE83B1}.Release|iPhone.ActiveCfg = Release|x86
		{238AE947-B1BC-4841-858E-E3B794EE83B1}.Release|iPhoneSimulator.ActiveCfg = Release|x86
		{238AE947-B1BC-4841-858E-E3B794EE83B1}.Release|x64.ActiveCfg = Release|x64
		{238AE947-B1BC-4841-858E-E3B794EE83B1}.Release|x64.Build.0 = Release|x64
		{238AE947-B1BC-4841-858E-E3B794EE83B1}.Release|x64.Deploy.0 = Release|x64
		{238AE947-B1BC-4841-858E-E3B794EE83B1}.Release|x86.ActiveCfg = Release|x86
		{238AE947-B1BC-4841-858E-E3B794EE83B1}.Release|x86.Build.0 = Release|x86
		{238AE947-B1BC-4841-858E-E3B794EE83B1}.Release|x86.Deploy.0 = Release|x86
	EndGlobalSection
	GlobalSection(SolutionProperties) = preSolution
		HideSolutionNode = FALSE
	EndGlobalSection
	GlobalSection(ExtensibilityGlobals) = postSolution
		SolutionGuid = {8CFC6A6A-8E7A-4A37-B0D7-1B550ACA4F76}
	EndGlobalSection
EndGlobal
